
Microsoft Visual Studio Solution File, Format Version 12.00
# Visual Studio Version 17
VisualStudioVersion = 17.0.31903.59
MinimumVisualStudioVersion = 10.0.40219.1
Project("{9A19103F-16F7-4668-BE54-9A1E7A4F7556}") = "Metapsi.ServiceDoc", "Metapsi.ServiceDoc\Metapsi.ServiceDoc.csproj", "{15A376A4-1C51-45A0-AB14-73E16072B975}"
EndProject
Project("{9A19103F-16F7-4668-BE54-9A1E7A4F7556}") = "Metapsi.WhatsApp", "Metapsi.WhatsApp\Metapsi.WhatsApp.csproj", "{E8C74CF6-9ADC-4A1E-B1CF-92D27C85BAF7}"
EndProject
Project("{9A19103F-16F7-4668-BE54-9A1E7A4F7556}") = "TestScenario", "TestScenario\TestScenario.csproj", "{A1CFFC7F-6D52-4302-9102-CBEA0115A8CC}"
EndProject
Global
	GlobalSection(SolutionConfigurationPlatforms) = preSolution
		Debug|Any CPU = Debug|Any CPU
		Release|Any CPU = Release|Any CPU
	EndGlobalSection
	GlobalSection(ProjectConfigurationPlatforms) = postSolution
		{15A376A4-1C51-45A0-AB14-73E16072B975}.Debug|Any CPU.ActiveCfg = Debug|Any CPU
		{15A376A4-1C51-45A0-AB14-73E16072B975}.Debug|Any CPU.Build.0 = Debug|Any CPU
		{15A376A4-1C51-45A0-AB14-73E16072B975}.Release|Any CPU.ActiveCfg = Release|Any CPU
		{15A376A4-1C51-45A0-AB14-73E16072B975}.Release|Any CPU.Build.0 = Release|Any CPU
		{E8C74CF6-9ADC-4A1E-B1CF-92D27C85BAF7}.Debug|Any CPU.ActiveCfg = Debug|Any CPU
		{E8C74CF6-9ADC-4A1E-B1CF-92D27C85BAF7}.Debug|Any CPU.Build.0 = Debug|Any CPU
		{E8C74CF6-9ADC-4A1E-B1CF-92D27C85BAF7}.Release|Any CPU.ActiveCfg = Release|Any CPU
		{E8C74CF6-9ADC-4A1E-B1CF-92D27C85BAF7}.Release|Any CPU.Build.0 = Release|Any CPU
		{A1CFFC7F-6D52-4302-9102-CBEA0115A8CC}.Debug|Any CPU.ActiveCfg = Debug|Any CPU
		{A1CFFC7F-6D52-4302-9102-CBEA0115A8CC}.Debug|Any CPU.Build.0 = Debug|Any CPU
		{A1CFFC7F-6D52-4302-9102-CBEA0115A8CC}.Release|Any CPU.ActiveCfg = Release|Any CPU
		{A1CFFC7F-6D52-4302-9102-CBEA0115A8CC}.Release|Any CPU.Build.0 = Release|Any CPU
	EndGlobalSection
	GlobalSection(SolutionProperties) = preSolution
		HideSolutionNode = FALSE
	EndGlobalSection
	GlobalSection(ExtensibilityGlobals) = postSolution
		SolutionGuid = {95E6417D-0B2E-418A-99DF-EED32CC03551}
	EndGlobalSection
EndGlobal
